
Microsoft Visual Studio Solution File, Format Version 12.00
# Visual Studio 15
VisualStudioVersion = 15.0.26730.12
MinimumVisualStudioVersion = 10.0.40219.1
Project("{FAE04EC0-301F-11D3-BF4B-00C04F79EFBC}") = "Task2", "Task2\Task2.csproj", "{2D3E3389-AC7B-4461-AEAB-9F14EAF259FC}"
EndProject
Project("{FAE04EC0-301F-11D3-BF4B-00C04F79EFBC}") = "Task1", "Task1\Task1.csproj", "{A56EAEBF-2F89-4C24-9E2C-F4793F470750}"
EndProject
Global
	GlobalSection(SolutionConfigurationPlatforms) = preSolution
		Debug|Any CPU = Debug|Any CPU
		Release|Any CPU = Release|Any CPU
	EndGlobalSection
	GlobalSection(ProjectConfigurationPlatforms) = postSolution
		{2D3E3389-AC7B-4461-AEAB-9F14EAF259FC}.Debug|Any CPU.ActiveCfg = Debug|Any CPU
		{2D3E3389-AC7B-4461-AEAB-9F14EAF259FC}.Debug|Any CPU.Build.0 = Debug|Any CPU
		{2D3E3389-AC7B-4461-AEAB-9F14EAF259FC}.Release|Any CPU.ActiveCfg = Release|Any CPU
		{2D3E3389-AC7B-4461-AEAB-9F14EAF259FC}.Release|Any CPU.Build.0 = Release|Any CPU
		{A56EAEBF-2F89-4C24-9E2C-F4793F470750}.Debug|Any CPU.ActiveCfg = Debug|Any CPU
		{A56EAEBF-2F89-4C24-9E2C-F4793F470750}.Debug|Any CPU.Build.0 = Debug|Any CPU
		{A56EAEBF-2F89-4C24-9E2C-F4793F470750}.Release|Any CPU.ActiveCfg = Release|Any CPU
		{A56EAEBF-2F89-4C24-9E2C-F4793F470750}.Release|Any CPU.Build.0 = Release|Any CPU
	EndGlobalSection
	GlobalSection(SolutionProperties) = preSolution
		HideSolutionNode = FALSE
	EndGlobalSection
	GlobalSection(ExtensibilityGlobals) = postSolution
		SolutionGuid = {35D18FA4-1B7B-4C36-A6AA-3AAD860F8DA0}
	EndGlobalSection
EndGlobal
