
Microsoft Visual Studio Solution File, Format Version 12.00
# Visual Studio 15
VisualStudioVersion = 15.0.26430.14
MinimumVisualStudioVersion = 10.0.40219.1
Project("{FAE04EC0-301F-11D3-BF4B-00C04F79EFBC}") = "HomeTask1", "HomeTask1\HomeTask1.csproj", "{95B5DFE1-259F-4A74-9B29-A4FD8D4D8619}"
EndProject
Project("{FAE04EC0-301F-11D3-BF4B-00C04F79EFBC}") = "HomeTask2", "HomeTask2\HomeTask2.csproj", "{AC09030D-CF70-430F-9CC4-E9C3EA4C87BF}"
EndProject
Global
	GlobalSection(SolutionConfigurationPlatforms) = preSolution
		Debug|Any CPU = Debug|Any CPU
		Release|Any CPU = Release|Any CPU
	EndGlobalSection
	GlobalSection(ProjectConfigurationPlatforms) = postSolution
		{95B5DFE1-259F-4A74-9B29-A4FD8D4D8619}.Debug|Any CPU.ActiveCfg = Debug|Any CPU
		{95B5DFE1-259F-4A74-9B29-A4FD8D4D8619}.Debug|Any CPU.Build.0 = Debug|Any CPU
		{95B5DFE1-259F-4A74-9B29-A4FD8D4D8619}.Release|Any CPU.ActiveCfg = Release|Any CPU
		{95B5DFE1-259F-4A74-9B29-A4FD8D4D8619}.Release|Any CPU.Build.0 = Release|Any CPU
		{AC09030D-CF70-430F-9CC4-E9C3EA4C87BF}.Debug|Any CPU.ActiveCfg = Debug|Any CPU
		{AC09030D-CF70-430F-9CC4-E9C3EA4C87BF}.Debug|Any CPU.Build.0 = Debug|Any CPU
		{AC09030D-CF70-430F-9CC4-E9C3EA4C87BF}.Release|Any CPU.ActiveCfg = Release|Any CPU
		{AC09030D-CF70-430F-9CC4-E9C3EA4C87BF}.Release|Any CPU.Build.0 = Release|Any CPU
	EndGlobalSection
	GlobalSection(SolutionProperties) = preSolution
		HideSolutionNode = FALSE
	EndGlobalSection
EndGlobal
